
Microsoft Visual Studio Solution File, Format Version 12.00
# Visual Studio 15
VisualStudioVersion = 15.0.27703.2000
MinimumVisualStudioVersion = 10.0.40219.1
Project("{888888A0-9F3D-457C-B088-3A5042F75D52}") = "py1(git test)", "py1(git test)\py1(git test).pyproj", "{D0D89B48-75C5-4F50-9733-E0D2234CF161}"
EndProject
Global
	GlobalSection(SolutionConfigurationPlatforms) = preSolution
		Debug|Any CPU = Debug|Any CPU
		Release|Any CPU = Release|Any CPU
	EndGlobalSection
	GlobalSection(ProjectConfigurationPlatforms) = postSolution
		{D0D89B48-75C5-4F50-9733-E0D2234CF161}.Debug|Any CPU.ActiveCfg = Debug|Any CPU
		{D0D89B48-75C5-4F50-9733-E0D2234CF161}.Release|Any CPU.ActiveCfg = Release|Any CPU
	EndGlobalSection
	GlobalSection(SolutionProperties) = preSolution
		HideSolutionNode = FALSE
	EndGlobalSection
	GlobalSection(ExtensibilityGlobals) = postSolution
		SolutionGuid = {6FEFDA6A-A90C-4A3E-BC02-5D8DB4A36852}
	EndGlobalSection
EndGlobal
